
Microsoft Visual Studio Solution File, Format Version 12.00
# Visual Studio Version 17
VisualStudioVersion = 17.9.34607.119
MinimumVisualStudioVersion = 10.0.40219.1
Project("{9A19103F-16F7-4668-BE54-9A1E7A4F7556}") = "Kurs v3", "Kurs v3\Kurs v3.csproj", "{9AD2EF82-D866-4A48-A704-DF6FC175E95D}"
EndProject
Project("{FAE04EC0-301F-11D3-BF4B-00C04F79EFBC}") = "TestingProject", "TestingProject\TestingProject.csproj", "{326F8928-D12A-4D2B-9F51-EA9D3D4AE738}"
	ProjectSection(ProjectDependencies) = postProject
		{9AD2EF82-D866-4A48-A704-DF6FC175E95D} = {9AD2EF82-D866-4A48-A704-DF6FC175E95D}
	EndProjectSection
EndProject
Global
	GlobalSection(SolutionConfigurationPlatforms) = preSolution
		Debug|Any CPU = Debug|Any CPU
		Release|Any CPU = Release|Any CPU
	EndGlobalSection
	GlobalSection(ProjectConfigurationPlatforms) = postSolution
		{9AD2EF82-D866-4A48-A704-DF6FC175E95D}.Debug|Any CPU.ActiveCfg = Debug|Any CPU
		{9AD2EF82-D866-4A48-A704-DF6FC175E95D}.Debug|Any CPU.Build.0 = Debug|Any CPU
		{9AD2EF82-D866-4A48-A704-DF6FC175E95D}.Release|Any CPU.ActiveCfg = Release|Any CPU
		{9AD2EF82-D866-4A48-A704-DF6FC175E95D}.Release|Any CPU.Build.0 = Release|Any CPU
		{326F8928-D12A-4D2B-9F51-EA9D3D4AE738}.Debug|Any CPU.ActiveCfg = Debug|Any CPU
		{326F8928-D12A-4D2B-9F51-EA9D3D4AE738}.Debug|Any CPU.Build.0 = Debug|Any CPU
		{326F8928-D12A-4D2B-9F51-EA9D3D4AE738}.Release|Any CPU.ActiveCfg = Release|Any CPU
		{326F8928-D12A-4D2B-9F51-EA9D3D4AE738}.Release|Any CPU.Build.0 = Release|Any CPU
	EndGlobalSection
	GlobalSection(SolutionProperties) = preSolution
		HideSolutionNode = FALSE
	EndGlobalSection
	GlobalSection(ExtensibilityGlobals) = postSolution
		SolutionGuid = {92637221-F72B-4254-8EAE-877273218945}
	EndGlobalSection
EndGlobal
